{
  "name": "imager-nodejs-example",
  "version": "0.0.0",
  "lockfileVersion": 1,
  "requires": true,
  "dependencies": {
    "imager-io": {
      "version": "0.0.1",
      "resolved": "https://registry.npmjs.org/imager-io/-/imager-io-0.0.1.tgz",
      "integrity": "sha512-CIsY3qiZwllz2FskntPxxzIJdDUJr3PA9yuBaZ8wU3bQ4n1T1LMN8xMBheuSCxokY6pX2ls2NKKPzczdh0/MFA=="
    }
  }
}
